
Microsoft Visual Studio Solution File, Format Version 12.00
# Visual Studio Version 17
VisualStudioVersion = 17.8.34112.27
MinimumVisualStudioVersion = 10.0.40219.1
Project("{FAE04EC0-301F-11D3-BF4B-00C04F79EFBC}") = "FirstPlayable_LWM", "FirstPlayable_LWM.csproj", "{450246FD-C5D1-4454-BA04-39A772C73723}"
EndProject
Global
	GlobalSection(SolutionConfigurationPlatforms) = preSolution
		Debug|Any CPU = Debug|Any CPU
		Release|Any CPU = Release|Any CPU
	EndGlobalSection
	GlobalSection(ProjectConfigurationPlatforms) = postSolution
		{450246FD-C5D1-4454-BA04-39A772C73723}.Debug|Any CPU.ActiveCfg = Debug|Any CPU
		{450246FD-C5D1-4454-BA04-39A772C73723}.Debug|Any CPU.Build.0 = Debug|Any CPU
		{450246FD-C5D1-4454-BA04-39A772C73723}.Release|Any CPU.ActiveCfg = Release|Any CPU
		{450246FD-C5D1-4454-BA04-39A772C73723}.Release|Any CPU.Build.0 = Release|Any CPU
	EndGlobalSection
	GlobalSection(SolutionProperties) = preSolution
		HideSolutionNode = FALSE
	EndGlobalSection
	GlobalSection(ExtensibilityGlobals) = postSolution
		SolutionGuid = {C5F94D4A-735D-4493-99B2-13261C16C231}
	EndGlobalSection
EndGlobal
